
Microsoft Visual Studio Solution File, Format Version 12.00
# Visual Studio Version 17
VisualStudioVersion = 17.11.35222.181
MinimumVisualStudioVersion = 10.0.40219.1
Project("{FAE04EC0-301F-11D3-BF4B-00C04F79EFBC}") = "3935_MarianaAlves_T004", "3935_MarianaAlves_T004.csproj", "{83543F76-3E0C-4D2A-ADFC-2044A0911296}"
EndProject
Global
	GlobalSection(SolutionConfigurationPlatforms) = preSolution
		Debug|Any CPU = Debug|Any CPU
		Release|Any CPU = Release|Any CPU
	EndGlobalSection
	GlobalSection(ProjectConfigurationPlatforms) = postSolution
		{83543F76-3E0C-4D2A-ADFC-2044A0911296}.Debug|Any CPU.ActiveCfg = Debug|Any CPU
		{83543F76-3E0C-4D2A-ADFC-2044A0911296}.Debug|Any CPU.Build.0 = Debug|Any CPU
		{83543F76-3E0C-4D2A-ADFC-2044A0911296}.Release|Any CPU.ActiveCfg = Release|Any CPU
		{83543F76-3E0C-4D2A-ADFC-2044A0911296}.Release|Any CPU.Build.0 = Release|Any CPU
	EndGlobalSection
	GlobalSection(SolutionProperties) = preSolution
		HideSolutionNode = FALSE
	EndGlobalSection
	GlobalSection(ExtensibilityGlobals) = postSolution
		SolutionGuid = {C84AA959-563A-4F7A-A823-5752D009E486}
	EndGlobalSection
EndGlobal
